
Microsoft Visual Studio Solution File, Format Version 12.00
# Visual Studio Version 17
VisualStudioVersion = 17.7.34031.279
MinimumVisualStudioVersion = 10.0.40219.1
Project("{FAE04EC0-301F-11D3-BF4B-00C04F79EFBC}") = "system", "system\system.csproj", "{2D842214-BC0B-43DF-841B-19D2FE87FD3B}"
EndProject
Global
	GlobalSection(SolutionConfigurationPlatforms) = preSolution
		Debug|Any CPU = Debug|Any CPU
		Release|Any CPU = Release|Any CPU
	EndGlobalSection
	GlobalSection(ProjectConfigurationPlatforms) = postSolution
		{2D842214-BC0B-43DF-841B-19D2FE87FD3B}.Debug|Any CPU.ActiveCfg = Debug|Any CPU
		{2D842214-BC0B-43DF-841B-19D2FE87FD3B}.Debug|Any CPU.Build.0 = Debug|Any CPU
		{2D842214-BC0B-43DF-841B-19D2FE87FD3B}.Release|Any CPU.ActiveCfg = Release|Any CPU
		{2D842214-BC0B-43DF-841B-19D2FE87FD3B}.Release|Any CPU.Build.0 = Release|Any CPU
	EndGlobalSection
	GlobalSection(SolutionProperties) = preSolution
		HideSolutionNode = FALSE
	EndGlobalSection
	GlobalSection(ExtensibilityGlobals) = postSolution
		SolutionGuid = {1A04C55B-8C37-4143-8B95-0D735AA6F7E5}
	EndGlobalSection
EndGlobal
